
Microsoft Visual Studio Solution File, Format Version 12.00
# Visual Studio Version 17
VisualStudioVersion = 17.8.34316.72
MinimumVisualStudioVersion = 10.0.40219.1
Project("{FAE04EC0-301F-11D3-BF4B-00C04F79EFBC}") = "BlogAppMVC", "BlogAppMVC\BlogAppMVC.csproj", "{972FC57E-218D-4E78-895B-7BAE0134B0D1}"
EndProject
Global
	GlobalSection(SolutionConfigurationPlatforms) = preSolution
		Debug|Any CPU = Debug|Any CPU
		Release|Any CPU = Release|Any CPU
	EndGlobalSection
	GlobalSection(ProjectConfigurationPlatforms) = postSolution
		{972FC57E-218D-4E78-895B-7BAE0134B0D1}.Debug|Any CPU.ActiveCfg = Debug|Any CPU
		{972FC57E-218D-4E78-895B-7BAE0134B0D1}.Debug|Any CPU.Build.0 = Debug|Any CPU
		{972FC57E-218D-4E78-895B-7BAE0134B0D1}.Release|Any CPU.ActiveCfg = Release|Any CPU
		{972FC57E-218D-4E78-895B-7BAE0134B0D1}.Release|Any CPU.Build.0 = Release|Any CPU
	EndGlobalSection
	GlobalSection(SolutionProperties) = preSolution
		HideSolutionNode = FALSE
	EndGlobalSection
	GlobalSection(ExtensibilityGlobals) = postSolution
		SolutionGuid = {FA3DDFD9-10D2-45CE-A8AB-ECCB6F2EDB0D}
	EndGlobalSection
EndGlobal
